
Microsoft Visual Studio Solution File, Format Version 12.00
# Visual Studio Version 17
VisualStudioVersion = 17.4.33205.214
MinimumVisualStudioVersion = 10.0.40219.1
Project("{FAE04EC0-301F-11D3-BF4B-00C04F79EFBC}") = "RevisionApplication", "RevisionApplication\RevisionApplication.csproj", "{B0B42489-3E9B-4B9D-B038-CE54C3D772E7}"
EndProject
Global
	GlobalSection(SolutionConfigurationPlatforms) = preSolution
		Debug|Any CPU = Debug|Any CPU
		Release|Any CPU = Release|Any CPU
	EndGlobalSection
	GlobalSection(ProjectConfigurationPlatforms) = postSolution
		{B0B42489-3E9B-4B9D-B038-CE54C3D772E7}.Debug|Any CPU.ActiveCfg = Debug|Any CPU
		{B0B42489-3E9B-4B9D-B038-CE54C3D772E7}.Debug|Any CPU.Build.0 = Debug|Any CPU
		{B0B42489-3E9B-4B9D-B038-CE54C3D772E7}.Release|Any CPU.ActiveCfg = Release|Any CPU
		{B0B42489-3E9B-4B9D-B038-CE54C3D772E7}.Release|Any CPU.Build.0 = Release|Any CPU
	EndGlobalSection
	GlobalSection(SolutionProperties) = preSolution
		HideSolutionNode = FALSE
	EndGlobalSection
	GlobalSection(ExtensibilityGlobals) = postSolution
		SolutionGuid = {4FB36F64-28E3-43C0-B991-0D71611D0CDA}
	EndGlobalSection
EndGlobal
