
Microsoft Visual Studio Solution File, Format Version 12.00
# Visual Studio Version 17
VisualStudioVersion = 17.4.33205.214
MinimumVisualStudioVersion = 10.0.40219.1
Project("{FAE04EC0-301F-11D3-BF4B-00C04F79EFBC}") = "EmployeeService", "EmployeeService\EmployeeService.csproj", "{C2885CA4-4248-49A2-B600-0F6FE299C223}"
EndProject
Project("{FAE04EC0-301F-11D3-BF4B-00C04F79EFBC}") = "EmployeeDataAccess", "EmployeeDataAccess\EmployeeDataAccess.csproj", "{CCCE05EE-0D17-42AE-B798-FDB82A72DC32}"
EndProject
Global
	GlobalSection(SolutionConfigurationPlatforms) = preSolution
		Debug|Any CPU = Debug|Any CPU
		Release|Any CPU = Release|Any CPU
	EndGlobalSection
	GlobalSection(ProjectConfigurationPlatforms) = postSolution
		{C2885CA4-4248-49A2-B600-0F6FE299C223}.Debug|Any CPU.ActiveCfg = Debug|Any CPU
		{C2885CA4-4248-49A2-B600-0F6FE299C223}.Debug|Any CPU.Build.0 = Debug|Any CPU
		{C2885CA4-4248-49A2-B600-0F6FE299C223}.Release|Any CPU.ActiveCfg = Release|Any CPU
		{C2885CA4-4248-49A2-B600-0F6FE299C223}.Release|Any CPU.Build.0 = Release|Any CPU
		{CCCE05EE-0D17-42AE-B798-FDB82A72DC32}.Debug|Any CPU.ActiveCfg = Debug|Any CPU
		{CCCE05EE-0D17-42AE-B798-FDB82A72DC32}.Debug|Any CPU.Build.0 = Debug|Any CPU
		{CCCE05EE-0D17-42AE-B798-FDB82A72DC32}.Release|Any CPU.ActiveCfg = Release|Any CPU
		{CCCE05EE-0D17-42AE-B798-FDB82A72DC32}.Release|Any CPU.Build.0 = Release|Any CPU
	EndGlobalSection
	GlobalSection(SolutionProperties) = preSolution
		HideSolutionNode = FALSE
	EndGlobalSection
	GlobalSection(ExtensibilityGlobals) = postSolution
		SolutionGuid = {9BD2AE59-E0E0-4B7F-AD82-8839ACCC7E21}
	EndGlobalSection
EndGlobal
